
Microsoft Visual Studio Solution File, Format Version 12.00
# Visual Studio Version 17
VisualStudioVersion = 17.3.32929.385
MinimumVisualStudioVersion = 10.0.40219.1
Project("{FAE04EC0-301F-11D3-BF4B-00C04F79EFBC}") = "ProductsWpfUsingCrud", "ProductsWpfUsingCrud\ProductsWpfUsingCrud.csproj", "{48DCB4DC-8450-4381-990A-173A3335561A}"
EndProject
Global
	GlobalSection(SolutionConfigurationPlatforms) = preSolution
		Debug|Any CPU = Debug|Any CPU
		Release|Any CPU = Release|Any CPU
	EndGlobalSection
	GlobalSection(ProjectConfigurationPlatforms) = postSolution
		{48DCB4DC-8450-4381-990A-173A3335561A}.Debug|Any CPU.ActiveCfg = Debug|Any CPU
		{48DCB4DC-8450-4381-990A-173A3335561A}.Debug|Any CPU.Build.0 = Debug|Any CPU
		{48DCB4DC-8450-4381-990A-173A3335561A}.Release|Any CPU.ActiveCfg = Release|Any CPU
		{48DCB4DC-8450-4381-990A-173A3335561A}.Release|Any CPU.Build.0 = Release|Any CPU
	EndGlobalSection
	GlobalSection(SolutionProperties) = preSolution
		HideSolutionNode = FALSE
	EndGlobalSection
	GlobalSection(ExtensibilityGlobals) = postSolution
		SolutionGuid = {FAA99D9F-721B-4B90-95FD-4FDFE05C298D}
	EndGlobalSection
EndGlobal
